
Microsoft Visual Studio Solution File, Format Version 12.00
# Visual Studio Version 16
VisualStudioVersion = 16.0.29911.84
MinimumVisualStudioVersion = 10.0.40219.1
Project("{FAE04EC0-301F-11D3-BF4B-00C04F79EFBC}") = "Feedback-Application", "Feedback-Application\Feedback-Application.csproj", "{4C488A2A-0968-4C5A-98C6-7C507391C120}"
EndProject
Project("{FAE04EC0-301F-11D3-BF4B-00C04F79EFBC}") = "Api", "Api\Api.csproj", "{8A1CA4C2-984F-453A-9293-4545C9FFD272}"
EndProject
Global
	GlobalSection(SolutionConfigurationPlatforms) = preSolution
		Debug|Any CPU = Debug|Any CPU
		Release|Any CPU = Release|Any CPU
	EndGlobalSection
	GlobalSection(ProjectConfigurationPlatforms) = postSolution
		{4C488A2A-0968-4C5A-98C6-7C507391C120}.Debug|Any CPU.ActiveCfg = Debug|Any CPU
		{4C488A2A-0968-4C5A-98C6-7C507391C120}.Debug|Any CPU.Build.0 = Debug|Any CPU
		{4C488A2A-0968-4C5A-98C6-7C507391C120}.Release|Any CPU.ActiveCfg = Release|Any CPU
		{4C488A2A-0968-4C5A-98C6-7C507391C120}.Release|Any CPU.Build.0 = Release|Any CPU
		{8A1CA4C2-984F-453A-9293-4545C9FFD272}.Debug|Any CPU.ActiveCfg = Debug|Any CPU
		{8A1CA4C2-984F-453A-9293-4545C9FFD272}.Debug|Any CPU.Build.0 = Debug|Any CPU
		{8A1CA4C2-984F-453A-9293-4545C9FFD272}.Release|Any CPU.ActiveCfg = Release|Any CPU
		{8A1CA4C2-984F-453A-9293-4545C9FFD272}.Release|Any CPU.Build.0 = Release|Any CPU
	EndGlobalSection
	GlobalSection(SolutionProperties) = preSolution
		HideSolutionNode = FALSE
	EndGlobalSection
	GlobalSection(ExtensibilityGlobals) = postSolution
		SolutionGuid = {9A3F2AB1-BBE3-4435-901F-2A5D40D3A008}
	EndGlobalSection
EndGlobal
